
Microsoft Visual Studio Solution File, Format Version 12.00
# Visual Studio 15
VisualStudioVersion = 15.0.28307.779
MinimumVisualStudioVersion = 10.0.40219.1
Project("{FAE04EC0-301F-11D3-BF4B-00C04F79EFBC}") = "SpireWord", "SpireWord\SpireWord.csproj", "{7923D67D-3FF6-4C8F-B3C9-6D013AC2801B}"
EndProject
Global
	GlobalSection(SolutionConfigurationPlatforms) = preSolution
		Debug|Any CPU = Debug|Any CPU
		Release|Any CPU = Release|Any CPU
	EndGlobalSection
	GlobalSection(ProjectConfigurationPlatforms) = postSolution
		{7923D67D-3FF6-4C8F-B3C9-6D013AC2801B}.Debug|Any CPU.ActiveCfg = Debug|Any CPU
		{7923D67D-3FF6-4C8F-B3C9-6D013AC2801B}.Debug|Any CPU.Build.0 = Debug|Any CPU
		{7923D67D-3FF6-4C8F-B3C9-6D013AC2801B}.Release|Any CPU.ActiveCfg = Release|Any CPU
		{7923D67D-3FF6-4C8F-B3C9-6D013AC2801B}.Release|Any CPU.Build.0 = Release|Any CPU
	EndGlobalSection
	GlobalSection(SolutionProperties) = preSolution
		HideSolutionNode = FALSE
	EndGlobalSection
	GlobalSection(ExtensibilityGlobals) = postSolution
		SolutionGuid = {D5E3BAD6-1F70-4267-BC6D-FB703F7917F0}
	EndGlobalSection
EndGlobal
